
Microsoft Visual Studio Solution File, Format Version 12.00
# Visual Studio 15
VisualStudioVersion = 15.0.27703.2018
MinimumVisualStudioVersion = 10.0.40219.1
Project("{FAE04EC0-301F-11D3-BF4B-00C04F79EFBC}") = "UndirectedUnweightedGraph", "UndirectedUnweightedGraph\UndirectedUnweightedGraph.csproj", "{DC177FB0-4216-4500-A890-44DED926EEBD}"
EndProject
Global
	GlobalSection(SolutionConfigurationPlatforms) = preSolution
		Debug|Any CPU = Debug|Any CPU
		Release|Any CPU = Release|Any CPU
	EndGlobalSection
	GlobalSection(ProjectConfigurationPlatforms) = postSolution
		{DC177FB0-4216-4500-A890-44DED926EEBD}.Debug|Any CPU.ActiveCfg = Debug|Any CPU
		{DC177FB0-4216-4500-A890-44DED926EEBD}.Debug|Any CPU.Build.0 = Debug|Any CPU
		{DC177FB0-4216-4500-A890-44DED926EEBD}.Release|Any CPU.ActiveCfg = Release|Any CPU
		{DC177FB0-4216-4500-A890-44DED926EEBD}.Release|Any CPU.Build.0 = Release|Any CPU
	EndGlobalSection
	GlobalSection(SolutionProperties) = preSolution
		HideSolutionNode = FALSE
	EndGlobalSection
	GlobalSection(ExtensibilityGlobals) = postSolution
		SolutionGuid = {0AA4C68B-7EC0-4239-99FD-633627E1BABB}
	EndGlobalSection
EndGlobal
