
Microsoft Visual Studio Solution File, Format Version 12.00
# Visual Studio 15
VisualStudioVersion = 15.0.27130.2003
MinimumVisualStudioVersion = 10.0.40219.1
Project("{FAE04EC0-301F-11D3-BF4B-00C04F79EFBC}") = "LinkedList", "LinkedList\LinkedList.csproj", "{AEDA56F1-055C-4DBA-99F5-2DA7C0625994}"
EndProject
Global
	GlobalSection(SolutionConfigurationPlatforms) = preSolution
		Debug|Any CPU = Debug|Any CPU
		Release|Any CPU = Release|Any CPU
	EndGlobalSection
	GlobalSection(ProjectConfigurationPlatforms) = postSolution
		{AEDA56F1-055C-4DBA-99F5-2DA7C0625994}.Debug|Any CPU.ActiveCfg = Debug|Any CPU
		{AEDA56F1-055C-4DBA-99F5-2DA7C0625994}.Debug|Any CPU.Build.0 = Debug|Any CPU
		{AEDA56F1-055C-4DBA-99F5-2DA7C0625994}.Release|Any CPU.ActiveCfg = Release|Any CPU
		{AEDA56F1-055C-4DBA-99F5-2DA7C0625994}.Release|Any CPU.Build.0 = Release|Any CPU
	EndGlobalSection
	GlobalSection(SolutionProperties) = preSolution
		HideSolutionNode = FALSE
	EndGlobalSection
	GlobalSection(ExtensibilityGlobals) = postSolution
		SolutionGuid = {7C90F43E-3621-43CA-8C64-A6DEFA6E6494}
	EndGlobalSection
EndGlobal
