
Microsoft Visual Studio Solution File, Format Version 12.00
# Visual Studio Version 17
VisualStudioVersion = 17.3.32929.385
MinimumVisualStudioVersion = 10.0.40219.1
Project("{FAE04EC0-301F-11D3-BF4B-00C04F79EFBC}") = "HashMap", "HashMap\HashMap.csproj", "{DF7193F3-AC6C-4065-B983-6078C08E8AC3}"
EndProject
Project("{FAE04EC0-301F-11D3-BF4B-00C04F79EFBC}") = "HashMapTests", "HashMapTests\HashMapTests.csproj", "{B9942D03-99AF-4DAE-A707-D057CF6C7701}"
EndProject
Global
	GlobalSection(SolutionConfigurationPlatforms) = preSolution
		Debug|Any CPU = Debug|Any CPU
		Release|Any CPU = Release|Any CPU
	EndGlobalSection
	GlobalSection(ProjectConfigurationPlatforms) = postSolution
		{DF7193F3-AC6C-4065-B983-6078C08E8AC3}.Debug|Any CPU.ActiveCfg = Debug|Any CPU
		{DF7193F3-AC6C-4065-B983-6078C08E8AC3}.Debug|Any CPU.Build.0 = Debug|Any CPU
		{DF7193F3-AC6C-4065-B983-6078C08E8AC3}.Release|Any CPU.ActiveCfg = Release|Any CPU
		{DF7193F3-AC6C-4065-B983-6078C08E8AC3}.Release|Any CPU.Build.0 = Release|Any CPU
		{B9942D03-99AF-4DAE-A707-D057CF6C7701}.Debug|Any CPU.ActiveCfg = Debug|Any CPU
		{B9942D03-99AF-4DAE-A707-D057CF6C7701}.Debug|Any CPU.Build.0 = Debug|Any CPU
		{B9942D03-99AF-4DAE-A707-D057CF6C7701}.Release|Any CPU.ActiveCfg = Release|Any CPU
		{B9942D03-99AF-4DAE-A707-D057CF6C7701}.Release|Any CPU.Build.0 = Release|Any CPU
	EndGlobalSection
	GlobalSection(SolutionProperties) = preSolution
		HideSolutionNode = FALSE
	EndGlobalSection
	GlobalSection(ExtensibilityGlobals) = postSolution
		SolutionGuid = {C81053CE-E65A-418B-B437-008F76C39780}
	EndGlobalSection
EndGlobal
