
Microsoft Visual Studio Solution File, Format Version 12.00
# Visual Studio 15
VisualStudioVersion = 15.0.27130.2003
MinimumVisualStudioVersion = 10.0.40219.1
Project("{FAE04EC0-301F-11D3-BF4B-00C04F79EFBC}") = "SelectionSort", "SelectionSort\SelectionSort.csproj", "{372DDE29-748F-435C-8A80-A9CCF6AB506B}"
EndProject
Global
	GlobalSection(SolutionConfigurationPlatforms) = preSolution
		Debug|Any CPU = Debug|Any CPU
		Release|Any CPU = Release|Any CPU
	EndGlobalSection
	GlobalSection(ProjectConfigurationPlatforms) = postSolution
		{372DDE29-748F-435C-8A80-A9CCF6AB506B}.Debug|Any CPU.ActiveCfg = Debug|Any CPU
		{372DDE29-748F-435C-8A80-A9CCF6AB506B}.Debug|Any CPU.Build.0 = Debug|Any CPU
		{372DDE29-748F-435C-8A80-A9CCF6AB506B}.Release|Any CPU.ActiveCfg = Release|Any CPU
		{372DDE29-748F-435C-8A80-A9CCF6AB506B}.Release|Any CPU.Build.0 = Release|Any CPU
	EndGlobalSection
	GlobalSection(SolutionProperties) = preSolution
		HideSolutionNode = FALSE
	EndGlobalSection
	GlobalSection(ExtensibilityGlobals) = postSolution
		SolutionGuid = {3E3B5581-EBAD-4B0D-A53C-DE7D2EA9233D}
	EndGlobalSection
EndGlobal
